
Microsoft Visual Studio Solution File, Format Version 12.00
# Visual Studio 15
VisualStudioVersion = 15.0.28307.1145
MinimumVisualStudioVersion = 10.0.40219.1
Project("{8BC9CEB8-8B4A-11D0-8D11-00A0C91BC942}") = "Snake", "Snake\Snake.vcxproj", "{812D0CE7-A2DB-483A-A420-44E91C705E3D}"
EndProject
Global
	GlobalSection(SolutionConfigurationPlatforms) = preSolution
		Debug|x64 = Debug|x64
		Debug|x86 = Debug|x86
		Release|x64 = Release|x64
		Release|x86 = Release|x86
	EndGlobalSection
	GlobalSection(ProjectConfigurationPlatforms) = postSolution
		{812D0CE7-A2DB-483A-A420-44E91C705E3D}.Debug|x64.ActiveCfg = Debug|x64
		{812D0CE7-A2DB-483A-A420-44E91C705E3D}.Debug|x64.Build.0 = Debug|x64
		{812D0CE7-A2DB-483A-A420-44E91C705E3D}.Debug|x86.ActiveCfg = Debug|Win32
		{812D0CE7-A2DB-483A-A420-44E91C705E3D}.Debug|x86.Build.0 = Debug|Win32
		{812D0CE7-A2DB-483A-A420-44E91C705E3D}.Release|x64.ActiveCfg = Release|x64
		{812D0CE7-A2DB-483A-A420-44E91C705E3D}.Release|x64.Build.0 = Release|x64
		{812D0CE7-A2DB-483A-A420-44E91C705E3D}.Release|x86.ActiveCfg = Release|Win32
		{812D0CE7-A2DB-483A-A420-44E91C705E3D}.Release|x86.Build.0 = Release|Win32
	EndGlobalSection
	GlobalSection(SolutionProperties) = preSolution
		HideSolutionNode = FALSE
	EndGlobalSection
	GlobalSection(ExtensibilityGlobals) = postSolution
		SolutionGuid = {34637342-8EF5-4108-99DD-A5CBF6322AAD}
	EndGlobalSection
EndGlobal
